// !$*UTF8*$!
{
	archiveVersion = 1;
	classes = {
	};
	objectVersion = 50;
	objects = {

/* Begin PBXBuildFile section */
		B29A7CBD243916C300BCA48E /* AppDelegate.swift in Sources */ = {isa = PBXBuildFile; fileRef = B29A7CBC243916C300BCA48E /* AppDelegate.swift */; };
		B29A7CBF243916C300BCA48E /* SceneDelegate.swift in Sources */ = {isa = PBXBuildFile; fileRef = B29A7CBE243916C300BCA48E /* SceneDelegate.swift */; };
		B29A7CC1243916C300BCA48E /* ContentView.swift in Sources */ = {isa = PBXBuildFile; fileRef = B29A7CC0243916C300BCA48E /* ContentView.swift */; };
		B29A7CC3243916C500BCA48E /* Assets.xcassets in Resources */ = {isa = PBXBuildFile; fileRef = B29A7CC2243916C500BCA48E /* Assets.xcassets */; };
		B29A7CC6243916C500BCA48E /* Preview Assets.xcassets in Resources */ = {isa = PBXBuildFile; fileRef = B29A7CC5243916C500BCA48E /* Preview Assets.xcassets */; };
		B29A7CC9243916C500BCA48E /* LaunchScreen.storyboard in Resources */ = {isa = PBXBuildFile; fileRef = B29A7CC7243916C500BCA48E /* LaunchScreen.storyboard */; };
/* End PBXBuildFile section */

/* Begin PBXFileReference section */
		B29A7CB9243916C300BCA48E /* IAmRich.app */ = {isa = PBXFileReference; explicitFileType = wrapper.application; includeInIndex = 0; path = IAmRich.app; sourceTree = BUILT_PRODUCTS_DIR; };
		B29A7CBC243916C300BCA48E /* AppDelegate.swift */ = {isa = PBXFileReference; lastKnownFileType = sourcecode.swift; path = AppDelegate.swift; sourceTree = "<group>"; };
		B29A7CBE243916C300BCA48E /* SceneDelegate.swift */ = {isa = PBXFileReference; lastKnownFileType = sourcecode.swift; path = SceneDelegate.swift; sourceTree = "<group>"; };
		B29A7CC0243916C300BCA48E /* ContentView.swift */ = {isa = PBXFileReference; lastKnownFileType = sourcecode.swift; path = ContentView.swift; sourceTree = "<group>"; };
		B29A7CC2243916C500BCA48E /* Assets.xcassets */ = {isa = PBXFileReference; lastKnownFileType = folder.assetcatalog; path = Assets.xcassets; sourceTree = "<group>"; };
		B29A7CC5243916C500BCA48E /* Preview Assets.xcassets */ = {isa = PBXFileReference; lastKnownFileType = folder.assetcatalog; path = "Preview Assets.xcassets"; sourceTree = "<group>"; };
		B29A7CC8243916C500BCA48E /* Base */ = {isa = PBXFileReference; lastKnownFileType = file.storyboard; name = Base; path = Base.lproj/LaunchScreen.storyboard; sourceTree = "<group>"; };
		B29A7CCA243916C500BCA48E /* Info.plist */ = {isa = PBXFileReference; lastKnownFileType = text.plist.xml; path = Info.plist; sourceTree = "<group>"; };
/* End PBXFileReference section */

/* Begin PBXFrameworksBuildPhase section */
		B29A7CB6243916C300BCA48E /* Frameworks */ = {
			isa = PBXFrameworksBuildPhase;
			buildActionMask = 2147483647;
			files = (
			);
			runOnlyForDeploymentPostprocessing = 0;
		};
/* End PBXFrameworksBuildPhase section */

/* Begin PBXGroup section */
		B29A7CB0243916C300BCA48E = {
			isa = PBXGroup;
			children = (
				B29A7CBB243916C300BCA48E /* IAmRich */,
				B29A7CBA243916C300BCA48E /* Products */,
			);
			sourceTree = "<group>";
		};
		B29A7CBA243916C300BCA48E /* Products */ = {
			isa = PBXGroup;
			children = (
				B29A7CB9243916C300BCA48E /* IAmRich.app */,
			);
			name = Products;
			sourceTree = "<group>";
		};
		B29A7CBB243916C300BCA48E /* IAmRich */ = {
			isa = PBXGroup;
			children = (
				B29A7CBC243916C300BCA48E /* AppDelegate.swift */,
				B29A7CBE243916C300BCA48E /* SceneDelegate.swift */,
				B29A7CC0243916C300BCA48E /* ContentView.swift */,
				B29A7CC2243916C500BCA48E /* Assets.xcassets */,
				B29A7CC7243916C500BCA48E /* LaunchScreen.storyboard */,
				B29A7CCA243916C500BCA48E /* Info.plist */,
				B29A7CC4243916C500BCA48E /* Preview Content */,
			);
			path = IAmRich;
			sourceTree = "<group>";
		};
		B29A7CC4243916C500BCA48E /* Preview Content */ = {
			isa = PBXGroup;
			children = (
				B29A7CC5243916C500BCA48E /* Preview Assets.xcassets */,
			);
			path = "Preview Content";
			sourceTree = "<group>";
		};
/* End PBXGroup section */

/* Begin PBXNativeTarget section */
		B29A7CB8243916C300BCA48E /* IAmRich */ = {
			isa = PBXNativeTarget;
			buildConfigurationList = B29A7CCD243916C500BCA48E /* Build configuration list for PBXNativeTarget "IAmRich" */;
			buildPhases = (
				B29A7CB5243916C300BCA48E /* Sources */,
				B29A7CB6243916C300BCA48E /* Frameworks */,
				B29A7CB7243916C300BCA48E /* Resources */,
			);
			buildRules = (
			);
			dependencies = (
			);
			name = IAmRich;
			productName = IAmRich;
			productReference = B29A7CB9243916C300BCA48E /* IAmRich.app */;
			productType = "com.apple.product-type.application";
		};
/* End PBXNativeTarget section */

/* Begin PBXProject section */
		B29A7CB1243916C300BCA48E /* Project object */ = {
			isa = PBXProject;
			attributes = {
				LastSwiftUpdateCheck = 1140;
				LastUpgradeCheck = 1140;
				ORGANIZATIONNAME = "Blue People";
				TargetAttributes = {
					B29A7CB8243916C300BCA48E = {
						CreatedOnToolsVersion = 11.4;
					};
				};
			};
			buildConfigurationList = B29A7CB4243916C300BCA48E /* Build configuration list for PBXProject "IAmRich" */;
			compatibilityVersion = "Xcode 9.3";
			developmentRegion = en;
			hasScannedForEncodings = 0;
			knownRegions = (
				en,
				Base,
			);
			mainGroup = B29A7CB0243916C300BCA48E;
			productRefGroup = B29A7CBA243916C300BCA48E /* Products */;
			projectDirPath = "";
			projectRoot = "";
			targets = (
				B29A7CB8243916C300BCA48E /* IAmRich */,
			);
		};
/* End PBXProject section */

/* Begin PBXResourcesBuildPhase section */
		B29A7CB7243916C300BCA48E /* Resources */ = {
			isa = PBXResourcesBuildPhase;
			buildActionMask = 2147483647;
			files = (
				B29A7CC9243916C500BCA48E /* LaunchScreen.storyboard in Resources */,
				B29A7CC6243916C500BCA48E /* Preview Assets.xcassets in Resources */,
				B29A7CC3243916C500BCA48E /* Assets.xcassets in Resources */,
			);
			runOnlyForDeploymentPostprocessing = 0;
		};
/* End PBXResourcesBuildPhase section */

/* Begin PBXSourcesBuildPhase section */
		B29A7CB5243916C300BCA48E /* Sources */ = {
			isa = PBXSourcesBuildPhase;
			buildActionMask = 2147483647;
			files = (
				B29A7CBD243916C300BCA48E /* AppDelegate.swift in Sources */,
				B29A7CBF243916C300BCA48E /* SceneDelegate.swift in Sources */,
				B29A7CC1243916C300BCA48E /* ContentView.swift in Sources */,
			);
			runOnlyForDeploymentPostprocessing = 0;
		};
/* End PBXSourcesBuildPhase section */

/* Begin PBXVariantGroup section */
		B29A7CC7243916C500BCA48E /* LaunchScreen.storyboard */ = {
			isa = PBXVariantGroup;
			children = (
				B29A7CC8243916C500BCA48E /* Base */,
			);
			name = LaunchScreen.storyboard;
			sourceTree = "<group>";
		};
/* End PBXVariantGroup section */

/* Begin XCBuildConfiguration section */
		B29A7CCB243916C500BCA48E /* Debug */ = {
			isa = XCBuildConfiguration;
			buildSettings = {
				ALWAYS_SEARCH_USER_PATHS = NO;
				CLANG_ANALYZER_NONNULL = YES;
				CLANG_ANALYZER_NUMBER_OBJECT_CONVERSION = YES_AGGRESSIVE;
				CLANG_CXX_LANGUAGE_STANDARD = "gnu++14";
				CLANG_CXX_LIBRARY = "libc++";
				CLANG_ENABLE_MODULES = YES;
				CLANG_ENABLE_OBJC_ARC = YES;
				CLANG_ENABLE_OBJC_WEAK = YES;
				CLANG_WARN_BLOCK_CAPTURE_AUTORELEASING = YES;
				CLANG_WARN_BOOL_CONVERSION = YES;
				CLANG_WARN_COMMA = YES;
				CLANG_WARN_CONSTANT_CONVERSION = YES;
				CLANG_WARN_DEPRECATED_OBJC_IMPLEMENTATIONS = YES;
				CLANG_WARN_DIRECT_OBJC_ISA_USAGE = YES_ERROR;
				CLANG_WARN_DOCUMENTATION_COMMENTS = YES;
				CLANG_WARN_EMPTY_BODY = YES;
				CLANG_WARN_ENUM_CONVERSION = YES;
				CLANG_WARN_INFINITE_RECURSION = YES;
				CLANG_WARN_INT_CONVERSION = YES;
				CLANG_WARN_NON_LITERAL_NULL_CONVERSION = YES;
				CLANG_WARN_OBJC_IMPLICIT_RETAIN_SELF = YES;
				CLANG_WARN_OBJC_LITERAL_CONVERSION = YES;
				CLANG_WARN_OBJC_ROOT_CLASS = YES_ERROR;
				CLANG_WARN_RANGE_LOOP_ANALYSIS = YES;
				CLANG_WARN_STRICT_PROTOTYPES = YES;
				CLANG_WARN_SUSPICIOUS_MOVE = YES;
				CLANG_WARN_UNGUARDED_AVAILABILITY = YES_AGGRESSIVE;
				CLANG_WARN_UNREACHABLE_CODE = YES;
				CLANG_WARN__DUPLICATE_METHOD_MATCH = YES;
				COPY_PHASE_STRIP = NO;
				DEBUG_INFORMATION_FORMAT = dwarf;
				ENABLE_STRICT_OBJC_MSGSEND = YES;
				ENABLE_TESTABILITY = YES;
				GCC_C_LANGUAGE_STANDARD = gnu11;
				GCC_DYNAMIC_NO_PIC = NO;
				GCC_NO_COMMON_BLOCKS = YES;
				GCC_OPTIMIZATION_LEVEL = 0;
				GCC_PREPROCESSOR_DEFINITIONS = (
					"DEBUG=1",
					"$(inherited)",
				);
				GCC_WARN_64_TO_32_BIT_CONVERSION = YES;
				GCC_WARN_ABOUT_RETURN_TYPE = YES_ERROR;
				GCC_WARN_UNDECLARED_SELECTOR = YES;
				GCC_WARN_UNINITIALIZED_AUTOS = YES_AGGRESSIVE;
				GCC_WARN_UNUSED_FUNCTION = YES;
				GCC_WARN_UNUSED_VARIABLE = YES;
				IPHONEOS_DEPLOYMENT_TARGET = 13.4;
				MTL_ENABLE_DEBUG_INFO = INCLUDE_SOURCE;
				MTL_FAST_MATH = YES;
				ONLY_ACTIVE_ARCH = YES;
				SDKROOT = iphoneos;
				SWIFT_ACTIVE_COMPILATION_CONDITIONS = DEBUG;
				SWIFT_OPTIMIZATION_LEVEL = "-Onone";
			};
			name = Debug;
		};
		B29A7CCC243916C500BCA48E /* Release */ = {
			isa = XCBuildConfiguration;
			buildSettings = {
				ALWAYS_SEARCH_USER_PATHS = NO;
				CLANG_ANALYZER_NONNULL = YES;
				CLANG_ANALYZER_NUMBER_OBJECT_CONVERSION = YES_AGGRESSIVE;
				CLANG_CXX_LANGUAGE_STANDARD = "gnu++14";
				CLANG_CXX_LIBRARY = "libc++";
				CLANG_ENABLE_MODULES = YES;
				CLANG_ENABLE_OBJC_ARC = YES;
				CLANG_ENABLE_OBJC_WEAK = YES;
				CLANG_WARN_BLOCK_CAPTURE_AUTORELEASING = YES;
				CLANG_WARN_BOOL_CONVERSION = YES;
				CLANG_WARN_COMMA = YES;
				CLANG_WARN_CONSTANT_CONVERSION = YES;
				CLANG_WARN_DEPRECATED_OBJC_IMPLEMENTATIONS = YES;
				CLANG_WARN_DIRECT_OBJC_ISA_USAGE = YES_ERROR;
				CLANG_WARN_DOCUMENTATION_COMMENTS = YES;
				CLANG_WARN_EMPTY_BODY = YES;
				CLANG_WARN_ENUM_CONVERSION = YES;
				CLANG_WARN_INFINITE_RECURSION = YES;
				CLANG_WARN_INT_CONVERSION = YES;
				CLANG_WARN_NON_LITERAL_NULL_CONVERSION = YES;
				CLANG_WARN_OBJC_IMPLICIT_RETAIN_SELF = YES;
				CLANG_WARN_OBJC_LITERAL_CONVERSION = YES;
				CLANG_WARN_OBJC_ROOT_CLASS = YES_ERROR;
				CLANG_WARN_RANGE_LOOP_ANALYSIS = YES;
				CLANG_WARN_STRICT_PROTOTYPES = YES;
				CLANG_WARN_SUSPICIOUS_MOVE = YES;
				CLANG_WARN_UNGUARDED_AVAILABILITY = YES_AGGRESSIVE;
				CLANG_WARN_UNREACHABLE_CODE = YES;
				CLANG_WARN__DUPLICATE_METHOD_MATCH = YES;
				COPY_PHASE_STRIP = NO;
				DEBUG_INFORMATION_FORMAT = "dwarf-with-dsym";
				ENABLE_NS_ASSERTIONS = NO;
				ENABLE_STRICT_OBJC_MSGSEND = YES;
				GCC_C_LANGUAGE_STANDARD = gnu11;
				GCC_NO_COMMON_BLOCKS = YES;
				GCC_WARN_64_TO_32_BIT_CONVERSION = YES;
				GCC_WARN_ABOUT_RETURN_TYPE = YES_ERROR;
				GCC_WARN_UNDECLARED_SELECTOR = YES;
				GCC_WARN_UNINITIALIZED_AUTOS = YES_AGGRESSIVE;
				GCC_WARN_UNUSED_FUNCTION = YES;
				GCC_WARN_UNUSED_VARIABLE = YES;
				IPHONEOS_DEPLOYMENT_TARGET = 13.4;
				MTL_ENABLE_DEBUG_INFO = NO;
				MTL_FAST_MATH = YES;
				SDKROOT = iphoneos;
				SWIFT_COMPILATION_MODE = wholemodule;
				SWIFT_OPTIMIZATION_LEVEL = "-O";
				VALIDATE_PRODUCT = YES;
			};
			name = Release;
		};
		B29A7CCE243916C500BCA48E /* Debug */ = {
			isa = XCBuildConfiguration;
			buildSettings = {
				ASSETCATALOG_COMPILER_APPICON_NAME = AppIcon;
				CODE_SIGN_STYLE = Automatic;
				DEVELOPMENT_ASSET_PATHS = "\"IAmRich/Preview Content\"";
				DEVELOPMENT_TEAM = 8Z429WVSVA;
				ENABLE_PREVIEWS = YES;
				INFOPLIST_FILE = IAmRich/Info.plist;
				LD_RUNPATH_SEARCH_PATHS = (
					"$(inherited)",
					"@executable_path/Frameworks",
				);
				PRODUCT_BUNDLE_IDENTIFIER = com.saulrivera.IAmRich;
				PRODUCT_NAME = "$(TARGET_NAME)";
				SWIFT_VERSION = 5.0;
				TARGETED_DEVICE_FAMILY = "1,2";
			};
			name = Debug;
		};
		B29A7CCF243916C500BCA48E /* Release */ = {
			isa = XCBuildConfiguration;
			buildSettings = {
				ASSETCATALOG_COMPILER_APPICON_NAME = AppIcon;
				CODE_SIGN_STYLE = Automatic;
				DEVELOPMENT_ASSET_PATHS = "\"IAmRich/Preview Content\"";
				DEVELOPMENT_TEAM = 8Z429WVSVA;
				ENABLE_PREVIEWS = YES;
				INFOPLIST_FILE = IAmRich/Info.plist;
				LD_RUNPATH_SEARCH_PATHS = (
					"$(inherited)",
					"@executable_path/Frameworks",
				);
				PRODUCT_BUNDLE_IDENTIFIER = com.saulrivera.IAmRich;
				PRODUCT_NAME = "$(TARGET_NAME)";
				SWIFT_VERSION = 5.0;
				TARGETED_DEVICE_FAMILY = "1,2";
			};
			name = Release;
		};
/* End XCBuildConfiguration section */

/* Begin XCConfigurationList section */
		B29A7CB4243916C300BCA48E /* Build configuration list for PBXProject "IAmRich" */ = {
			isa = XCConfigurationList;
			buildConfigurations = (
				B29A7CCB243916C500BCA48E /* Debug */,
				B29A7CCC243916C500BCA48E /* Release */,
			);
			defaultConfigurationIsVisible = 0;
			defaultConfigurationName = Release;
		};
		B29A7CCD243916C500BCA48E /* Build configuration list for PBXNativeTarget "IAmRich" */ = {
			isa = XCConfigurationList;
			buildConfigurations = (
				B29A7CCE243916C500BCA48E /* Debug */,
				B29A7CCF243916C500BCA48E /* Release */,
			);
			defaultConfigurationIsVisible = 0;
			defaultConfigurationName = Release;
		};
/* End XCConfigurationList section */
	};
	rootObject = B29A7CB1243916C300BCA48E /* Project object */;
}
